
Microsoft Visual Studio Solution File, Format Version 12.00
# Visual Studio Version 16
VisualStudioVersion = 16.0.31729.503
MinimumVisualStudioVersion = 10.0.40219.1
Project("{8BC9CEB8-8B4A-11D0-8D11-00A0C91BC942}") = "PassFilter", "PassFilter\PassFilter.vcxproj", "{4D13E711-1410-4C29-9AD2-BDBE69FBB3F7}"
EndProject
Project("{8BC9CEB8-8B4A-11D0-8D11-00A0C91BC942}") = "PassFilterTest", "PassFilterTest\PassFilterTest.vcxproj", "{1CC14D05-E521-4ACB-853A-6C39D9797A4C}"
EndProject
Global
	GlobalSection(SolutionConfigurationPlatforms) = preSolution
		Debug|x64 = Debug|x64
		Release|x64 = Release|x64
	EndGlobalSection
	GlobalSection(ProjectConfigurationPlatforms) = postSolution
		{4D13E711-1410-4C29-9AD2-BDBE69FBB3F7}.Debug|x64.ActiveCfg = Debug|x64
		{4D13E711-1410-4C29-9AD2-BDBE69FBB3F7}.Debug|x64.Build.0 = Debug|x64
		{4D13E711-1410-4C29-9AD2-BDBE69FBB3F7}.Release|x64.ActiveCfg = Release|x64
		{4D13E711-1410-4C29-9AD2-BDBE69FBB3F7}.Release|x64.Build.0 = Release|x64
		{1CC14D05-E521-4ACB-853A-6C39D9797A4C}.Debug|x64.ActiveCfg = Debug|x64
		{1CC14D05-E521-4ACB-853A-6C39D9797A4C}.Debug|x64.Build.0 = Debug|x64
		{1CC14D05-E521-4ACB-853A-6C39D9797A4C}.Release|x64.ActiveCfg = Release|x64
		{1CC14D05-E521-4ACB-853A-6C39D9797A4C}.Release|x64.Build.0 = Release|x64
	EndGlobalSection
	GlobalSection(SolutionProperties) = preSolution
		HideSolutionNode = FALSE
	EndGlobalSection
	GlobalSection(ExtensibilityGlobals) = postSolution
		SolutionGuid = {1F6D05F5-3CC0-4CBE-9FCF-96FB5C104EAE}
	EndGlobalSection
EndGlobal
